
Microsoft Visual Studio Solution File, Format Version 12.00
# Visual Studio Version 17
VisualStudioVersion = 17.4.33403.182
MinimumVisualStudioVersion = 10.0.40219.1
Project("{FAE04EC0-301F-11D3-BF4B-00C04F79EFBC}") = "Integral", "Integral\Integral.csproj", "{BBC2238E-A959-4671-A10E-B5FF2641DEE8}"
EndProject
Global
	GlobalSection(SolutionConfigurationPlatforms) = preSolution
		Debug|Any CPU = Debug|Any CPU
		Release|Any CPU = Release|Any CPU
	EndGlobalSection
	GlobalSection(ProjectConfigurationPlatforms) = postSolution
		{BBC2238E-A959-4671-A10E-B5FF2641DEE8}.Debug|Any CPU.ActiveCfg = Debug|Any CPU
		{BBC2238E-A959-4671-A10E-B5FF2641DEE8}.Debug|Any CPU.Build.0 = Debug|Any CPU
		{BBC2238E-A959-4671-A10E-B5FF2641DEE8}.Release|Any CPU.ActiveCfg = Release|Any CPU
		{BBC2238E-A959-4671-A10E-B5FF2641DEE8}.Release|Any CPU.Build.0 = Release|Any CPU
	EndGlobalSection
	GlobalSection(SolutionProperties) = preSolution
		HideSolutionNode = FALSE
	EndGlobalSection
	GlobalSection(ExtensibilityGlobals) = postSolution
		SolutionGuid = {77C099CD-C31C-4C5A-9FFB-0BCAE8A0C20D}
	EndGlobalSection
EndGlobal
